
Microsoft Visual Studio Solution File, Format Version 12.00
# Visual Studio 15
VisualStudioVersion = 15.0.27703.2047
MinimumVisualStudioVersion = 10.0.40219.1
Project("{FAE04EC0-301F-11D3-BF4B-00C04F79EFBC}") = "cbscrape", "cbscrape\cbscrape.csproj", "{89E9F3DA-21C0-40EA-A3F4-2C4F4788AA86}"
EndProject
Global
	GlobalSection(SolutionConfigurationPlatforms) = preSolution
		Debug|Any CPU = Debug|Any CPU
		Release|Any CPU = Release|Any CPU
	EndGlobalSection
	GlobalSection(ProjectConfigurationPlatforms) = postSolution
		{89E9F3DA-21C0-40EA-A3F4-2C4F4788AA86}.Debug|Any CPU.ActiveCfg = Debug|Any CPU
		{89E9F3DA-21C0-40EA-A3F4-2C4F4788AA86}.Debug|Any CPU.Build.0 = Debug|Any CPU
		{89E9F3DA-21C0-40EA-A3F4-2C4F4788AA86}.Release|Any CPU.ActiveCfg = Release|Any CPU
		{89E9F3DA-21C0-40EA-A3F4-2C4F4788AA86}.Release|Any CPU.Build.0 = Release|Any CPU
	EndGlobalSection
	GlobalSection(SolutionProperties) = preSolution
		HideSolutionNode = FALSE
	EndGlobalSection
	GlobalSection(ExtensibilityGlobals) = postSolution
		SolutionGuid = {3F482AA4-60A3-4456-BAA0-A90ABFDCEE52}
	EndGlobalSection
EndGlobal
